
Microsoft Visual Studio Solution File, Format Version 12.00
# Visual Studio Version 17
VisualStudioVersion = 17.0.31903.59
MinimumVisualStudioVersion = 10.0.40219.1
Project("{9A19103F-16F7-4668-BE54-9A1E7A4F7556}") = "GameDesktopApp", "GameDesktopApp\GameDesktopApp.csproj", "{2C7A30ED-A952-4E34-A5E3-EF7840EDDAA9}"
EndProject
Project("{9A19103F-16F7-4668-BE54-9A1E7A4F7556}") = "Core", "Core\Core.csproj", "{673AE4D2-9F61-479F-8B81-63427092BF42}"
EndProject
Project("{2150E333-8FDC-42A3-9474-1A3956D46DE8}") = "Games", "Games", "{89825EC2-91CB-4AFC-8FDA-71B202C918DD}"
EndProject
Project("{FAE04EC0-301F-11D3-BF4B-00C04F79EFBC}") = "Games.Shared", "Games.Shared\Games.Shared.csproj", "{5AAA4CA6-B266-4A72-8D38-3AC1C53981FE}"
EndProject
Project("{FAE04EC0-301F-11D3-BF4B-00C04F79EFBC}") = "Games.Core", "Games.Core\Games.Core.csproj", "{28CB151F-D90B-477A-B3E6-F50A5C604B20}"
EndProject
Project("{FAE04EC0-301F-11D3-BF4B-00C04F79EFBC}") = "GameXO", "GameXO\GameXO.csproj", "{152CD86E-9567-4084-8801-6C211A7159C2}"
EndProject
Global
	GlobalSection(SolutionConfigurationPlatforms) = preSolution
		Debug|Any CPU = Debug|Any CPU
		Release|Any CPU = Release|Any CPU
	EndGlobalSection
	GlobalSection(ProjectConfigurationPlatforms) = postSolution
		{2C7A30ED-A952-4E34-A5E3-EF7840EDDAA9}.Debug|Any CPU.ActiveCfg = Debug|Any CPU
		{2C7A30ED-A952-4E34-A5E3-EF7840EDDAA9}.Debug|Any CPU.Build.0 = Debug|Any CPU
		{2C7A30ED-A952-4E34-A5E3-EF7840EDDAA9}.Release|Any CPU.ActiveCfg = Release|Any CPU
		{2C7A30ED-A952-4E34-A5E3-EF7840EDDAA9}.Release|Any CPU.Build.0 = Release|Any CPU
		{673AE4D2-9F61-479F-8B81-63427092BF42}.Debug|Any CPU.ActiveCfg = Debug|Any CPU
		{673AE4D2-9F61-479F-8B81-63427092BF42}.Debug|Any CPU.Build.0 = Debug|Any CPU
		{673AE4D2-9F61-479F-8B81-63427092BF42}.Release|Any CPU.ActiveCfg = Release|Any CPU
		{673AE4D2-9F61-479F-8B81-63427092BF42}.Release|Any CPU.Build.0 = Release|Any CPU
		{5AAA4CA6-B266-4A72-8D38-3AC1C53981FE}.Debug|Any CPU.ActiveCfg = Debug|Any CPU
		{5AAA4CA6-B266-4A72-8D38-3AC1C53981FE}.Debug|Any CPU.Build.0 = Debug|Any CPU
		{5AAA4CA6-B266-4A72-8D38-3AC1C53981FE}.Release|Any CPU.ActiveCfg = Release|Any CPU
		{5AAA4CA6-B266-4A72-8D38-3AC1C53981FE}.Release|Any CPU.Build.0 = Release|Any CPU
		{28CB151F-D90B-477A-B3E6-F50A5C604B20}.Debug|Any CPU.ActiveCfg = Debug|Any CPU
		{28CB151F-D90B-477A-B3E6-F50A5C604B20}.Debug|Any CPU.Build.0 = Debug|Any CPU
		{28CB151F-D90B-477A-B3E6-F50A5C604B20}.Release|Any CPU.ActiveCfg = Release|Any CPU
		{28CB151F-D90B-477A-B3E6-F50A5C604B20}.Release|Any CPU.Build.0 = Release|Any CPU
		{152CD86E-9567-4084-8801-6C211A7159C2}.Debug|Any CPU.ActiveCfg = Debug|Any CPU
		{152CD86E-9567-4084-8801-6C211A7159C2}.Debug|Any CPU.Build.0 = Debug|Any CPU
		{152CD86E-9567-4084-8801-6C211A7159C2}.Release|Any CPU.ActiveCfg = Release|Any CPU
		{152CD86E-9567-4084-8801-6C211A7159C2}.Release|Any CPU.Build.0 = Release|Any CPU
	EndGlobalSection
	GlobalSection(SolutionProperties) = preSolution
		HideSolutionNode = FALSE
	EndGlobalSection
	GlobalSection(NestedProjects) = preSolution
		{5AAA4CA6-B266-4A72-8D38-3AC1C53981FE} = {89825EC2-91CB-4AFC-8FDA-71B202C918DD}
		{28CB151F-D90B-477A-B3E6-F50A5C604B20} = {89825EC2-91CB-4AFC-8FDA-71B202C918DD}
		{152CD86E-9567-4084-8801-6C211A7159C2} = {89825EC2-91CB-4AFC-8FDA-71B202C918DD}
	EndGlobalSection
	GlobalSection(ExtensibilityGlobals) = postSolution
		SolutionGuid = {4DFDAE25-C202-4166-8C60-4C575A442AB8}
	EndGlobalSection
EndGlobal
